
Microsoft Visual Studio Solution File, Format Version 12.00
# Visual Studio Version 17
VisualStudioVersion = 17.9.34526.213
MinimumVisualStudioVersion = 10.0.40219.1
Project("{9A19103F-16F7-4668-BE54-9A1E7A4F7556}") = "OnlineQuizApi", "OnlineQuizApi.csproj", "{E0422891-9F84-4E24-8B62-4982B739C343}"
EndProject
Project("{9A19103F-16F7-4668-BE54-9A1E7A4F7556}") = "OnlineQuizApi.DataBaseModel", "..\OnlineQuizApi.DataBaseModel\OnlineQuizApi.DataBaseModel.csproj", "{1AD30F1F-5622-405C-9ABC-33CFCF0A6BB5}"
EndProject
Project("{FAE04EC0-301F-11D3-BF4B-00C04F79EFBC}") = "OnlineQuizApi.PublicModel", "..\OnlineQuizApi.PublicModel\OnlineQuizApi.PublicModel.csproj", "{D884548B-AAFE-41F7-86BC-B2CF5F9D69AD}"
EndProject
Project("{FAE04EC0-301F-11D3-BF4B-00C04F79EFBC}") = "OnlineQuizApi.Business", "..\OnlineQuizApi.Business\OnlineQuizApi.Business.csproj", "{3B2CBEC7-389B-4CF3-BECB-AA0171CBD16C}"
EndProject
Project("{FAE04EC0-301F-11D3-BF4B-00C04F79EFBC}") = "OnlineQuizApi.Framework", "..\OnlineQuizApi.Framework\OnlineQuizApi.Framework.csproj", "{B32A1ECA-C341-45CB-8511-4AA6BCDCCFCF}"
EndProject
Global
	GlobalSection(SolutionConfigurationPlatforms) = preSolution
		Debug|Any CPU = Debug|Any CPU
		Release|Any CPU = Release|Any CPU
	EndGlobalSection
	GlobalSection(ProjectConfigurationPlatforms) = postSolution
		{E0422891-9F84-4E24-8B62-4982B739C343}.Debug|Any CPU.ActiveCfg = Debug|Any CPU
		{E0422891-9F84-4E24-8B62-4982B739C343}.Debug|Any CPU.Build.0 = Debug|Any CPU
		{E0422891-9F84-4E24-8B62-4982B739C343}.Release|Any CPU.ActiveCfg = Release|Any CPU
		{E0422891-9F84-4E24-8B62-4982B739C343}.Release|Any CPU.Build.0 = Release|Any CPU
		{1AD30F1F-5622-405C-9ABC-33CFCF0A6BB5}.Debug|Any CPU.ActiveCfg = Debug|Any CPU
		{1AD30F1F-5622-405C-9ABC-33CFCF0A6BB5}.Debug|Any CPU.Build.0 = Debug|Any CPU
		{1AD30F1F-5622-405C-9ABC-33CFCF0A6BB5}.Release|Any CPU.ActiveCfg = Release|Any CPU
		{1AD30F1F-5622-405C-9ABC-33CFCF0A6BB5}.Release|Any CPU.Build.0 = Release|Any CPU
		{D884548B-AAFE-41F7-86BC-B2CF5F9D69AD}.Debug|Any CPU.ActiveCfg = Debug|Any CPU
		{D884548B-AAFE-41F7-86BC-B2CF5F9D69AD}.Debug|Any CPU.Build.0 = Debug|Any CPU
		{D884548B-AAFE-41F7-86BC-B2CF5F9D69AD}.Release|Any CPU.ActiveCfg = Release|Any CPU
		{D884548B-AAFE-41F7-86BC-B2CF5F9D69AD}.Release|Any CPU.Build.0 = Release|Any CPU
		{3B2CBEC7-389B-4CF3-BECB-AA0171CBD16C}.Debug|Any CPU.ActiveCfg = Debug|Any CPU
		{3B2CBEC7-389B-4CF3-BECB-AA0171CBD16C}.Debug|Any CPU.Build.0 = Debug|Any CPU
		{3B2CBEC7-389B-4CF3-BECB-AA0171CBD16C}.Release|Any CPU.ActiveCfg = Release|Any CPU
		{3B2CBEC7-389B-4CF3-BECB-AA0171CBD16C}.Release|Any CPU.Build.0 = Release|Any CPU
		{B32A1ECA-C341-45CB-8511-4AA6BCDCCFCF}.Debug|Any CPU.ActiveCfg = Debug|Any CPU
		{B32A1ECA-C341-45CB-8511-4AA6BCDCCFCF}.Debug|Any CPU.Build.0 = Debug|Any CPU
		{B32A1ECA-C341-45CB-8511-4AA6BCDCCFCF}.Release|Any CPU.ActiveCfg = Release|Any CPU
		{B32A1ECA-C341-45CB-8511-4AA6BCDCCFCF}.Release|Any CPU.Build.0 = Release|Any CPU
	EndGlobalSection
	GlobalSection(SolutionProperties) = preSolution
		HideSolutionNode = FALSE
	EndGlobalSection
	GlobalSection(ExtensibilityGlobals) = postSolution
		SolutionGuid = {C88446C9-0536-4CE9-A4D3-C8E980061600}
	EndGlobalSection
EndGlobal
